
Microsoft Visual Studio Solution File, Format Version 12.00
# Visual Studio Version 16
VisualStudioVersion = 16.0.30001.183
MinimumVisualStudioVersion = 10.0.40219.1
Project("{FAE04EC0-301F-11D3-BF4B-00C04F79EFBC}") = "TMCli", "TMCli.csproj", "{2D5BE48B-A215-46C7-8CF5-0C45D02B71B3}"
EndProject
Global
	GlobalSection(SolutionConfigurationPlatforms) = preSolution
		Debug|Any CPU = Debug|Any CPU
		Release|Any CPU = Release|Any CPU
	EndGlobalSection
	GlobalSection(ProjectConfigurationPlatforms) = postSolution
		{2D5BE48B-A215-46C7-8CF5-0C45D02B71B3}.Debug|Any CPU.ActiveCfg = Debug|Any CPU
		{2D5BE48B-A215-46C7-8CF5-0C45D02B71B3}.Debug|Any CPU.Build.0 = Debug|Any CPU
		{2D5BE48B-A215-46C7-8CF5-0C45D02B71B3}.Release|Any CPU.ActiveCfg = Release|Any CPU
		{2D5BE48B-A215-46C7-8CF5-0C45D02B71B3}.Release|Any CPU.Build.0 = Release|Any CPU
	EndGlobalSection
	GlobalSection(SolutionProperties) = preSolution
		HideSolutionNode = FALSE
	EndGlobalSection
	GlobalSection(ExtensibilityGlobals) = postSolution
		SolutionGuid = {D9F70E06-862F-4E8F-A504-64944C5647E5}
	EndGlobalSection
EndGlobal
